// !$*UTF8*$!
{
	archiveVersion = 1;
	classes = {
	};
	objectVersion = 56;
	objects = {

/* Begin PBXBuildFile section */
		7E0C9E912DF9FF8C006D14FF /* GFTitleLabel.swift in Sources */ = {isa = PBXBuildFile; fileRef = 7E0C9E902DF9FF8C006D14FF /* GFTitleLabel.swift */; };
		7E0C9E932DFA0109006D14FF /* GFBodyLabel.swift in Sources */ = {isa = PBXBuildFile; fileRef = 7E0C9E922DFA0109006D14FF /* GFBodyLabel.swift */; };
		7E0C9E952DFA01D0006D14FF /* GFAlertVC.swift in Sources */ = {isa = PBXBuildFile; fileRef = 7E0C9E942DFA01D0006D14FF /* GFAlertVC.swift */; };
		7E0C9E972DFA1198006D14FF /* UIViewController+Ext.swift in Sources */ = {isa = PBXBuildFile; fileRef = 7E0C9E962DFA1198006D14FF /* UIViewController+Ext.swift */; };
		7E0C9E9D2DFA2221006D14FF /* Follower.swift in Sources */ = {isa = PBXBuildFile; fileRef = 7E0C9E9C2DFA2221006D14FF /* Follower.swift */; };
		7E0C9E9F2DFA22A8006D14FF /* User.swift in Sources */ = {isa = PBXBuildFile; fileRef = 7E0C9E9E2DFA22A7006D14FF /* User.swift */; };
		7E0C9EA22DFA2A46006D14FF /* NetworkManager.swift in Sources */ = {isa = PBXBuildFile; fileRef = 7E0C9EA12DFA2A46006D14FF /* NetworkManager.swift */; };
		7E0C9EA42DFA6015006D14FF /* ErrorMessage.swift in Sources */ = {isa = PBXBuildFile; fileRef = 7E0C9EA32DFA6015006D14FF /* ErrorMessage.swift */; };
		7E0C9EA72DFB6908006D14FF /* FollowerCell.swift in Sources */ = {isa = PBXBuildFile; fileRef = 7E0C9EA62DFB6908006D14FF /* FollowerCell.swift */; };
		7E0C9EA92DFB69B9006D14FF /* GFAvatarImageView.swift in Sources */ = {isa = PBXBuildFile; fileRef = 7E0C9EA82DFB69B9006D14FF /* GFAvatarImageView.swift */; };
		7E0C9EAC2DFBCB3E006D14FF /* UIHelper.swift in Sources */ = {isa = PBXBuildFile; fileRef = 7E0C9EAB2DFBCB3E006D14FF /* UIHelper.swift */; };
		7E157BB42DBD9C2C00EF8194 /* swiftUI_PortfoliosApp.swift in Sources */ = {isa = PBXBuildFile; fileRef = 7E157BB32DBD9C2C00EF8194 /* swiftUI_PortfoliosApp.swift */; };
		7E157BB82DBD9C2E00EF8194 /* Assets.xcassets in Resources */ = {isa = PBXBuildFile; fileRef = 7E157BB72DBD9C2E00EF8194 /* Assets.xcassets */; };
		7E157BBB2DBD9C2E00EF8194 /* Preview Assets.xcassets in Resources */ = {isa = PBXBuildFile; fileRef = 7E157BBA2DBD9C2E00EF8194 /* Preview Assets.xcassets */; };
		7E157BC32DBD9D7A00EF8194 /* CoinAPIError.swift in Sources */ = {isa = PBXBuildFile; fileRef = 7E157BC12DBD9D7A00EF8194 /* CoinAPIError.swift */; };
		7E157BC42DBD9D7A00EF8194 /* Coin.swift in Sources */ = {isa = PBXBuildFile; fileRef = 7E157BC22DBD9D7A00EF8194 /* Coin.swift */; };
		7E157BC62DBD9D9000EF8194 /* CoinDataService.swift in Sources */ = {isa = PBXBuildFile; fileRef = 7E157BC52DBD9D9000EF8194 /* CoinDataService.swift */; };
		7E157BC82DBD9DAE00EF8194 /* CoinsViewModel.swift in Sources */ = {isa = PBXBuildFile; fileRef = 7E157BC72DBD9DAE00EF8194 /* CoinsViewModel.swift */; };
		7E157BCD2DBD9DD300EF8194 /* CartitaView.swift in Sources */ = {isa = PBXBuildFile; fileRef = 7E157BC92DBD9DD300EF8194 /* CartitaView.swift */; };
		7E157BCE2DBD9DD300EF8194 /* CarouselView.swift in Sources */ = {isa = PBXBuildFile; fileRef = 7E157BCA2DBD9DD300EF8194 /* CarouselView.swift */; };
		7E157BCF2DBD9DD300EF8194 /* DetailView.swift in Sources */ = {isa = PBXBuildFile; fileRef = 7E157BCB2DBD9DD300EF8194 /* DetailView.swift */; };
		7E157BD92DBDBA0400EF8194 /* Pie.swift in Sources */ = {isa = PBXBuildFile; fileRef = 7E157BD12DBDBA0300EF8194 /* Pie.swift */; };
		7E157BDA2DBDBA0400EF8194 /* FlyingNumber.swift in Sources */ = {isa = PBXBuildFile; fileRef = 7E157BD22DBDBA0300EF8194 /* FlyingNumber.swift */; };
		7E157BDB2DBDBA0400EF8194 /* CardView.swift in Sources */ = {isa = PBXBuildFile; fileRef = 7E157BD32DBDBA0300EF8194 /* CardView.swift */; };
		7E157BDC2DBDBA0400EF8194 /* AspectVGrid.swift in Sources */ = {isa = PBXBuildFile; fileRef = 7E157BD42DBDBA0300EF8194 /* AspectVGrid.swift */; };
		7E157BDD2DBDBA0400EF8194 /* Cardify.swift in Sources */ = {isa = PBXBuildFile; fileRef = 7E157BD52DBDBA0300EF8194 /* Cardify.swift */; };
		7E157BDE2DBDBA0400EF8194 /* EmojiMemoryGameView.swift in Sources */ = {isa = PBXBuildFile; fileRef = 7E157BD62DBDBA0300EF8194 /* EmojiMemoryGameView.swift */; };
		7E157BDF2DBDBA0400EF8194 /* EmojiMemoryGame.swift in Sources */ = {isa = PBXBuildFile; fileRef = 7E157BD72DBDBA0400EF8194 /* EmojiMemoryGame.swift */; };
		7E157BE02DBDBA0400EF8194 /* MemoryGame.swift in Sources */ = {isa = PBXBuildFile; fileRef = 7E157BD82DBDBA0400EF8194 /* MemoryGame.swift */; };
		7E3BADC12DF7BA2F000B5367 /* AppDelegate.swift in Sources */ = {isa = PBXBuildFile; fileRef = 7E3BADC02DF7BA2F000B5367 /* AppDelegate.swift */; };
		7E3BADC32DF7BA2F000B5367 /* SceneDelegate.swift in Sources */ = {isa = PBXBuildFile; fileRef = 7E3BADC22DF7BA2F000B5367 /* SceneDelegate.swift */; };
		7E3BADCA2DF7BA31000B5367 /* Assets.xcassets in Resources */ = {isa = PBXBuildFile; fileRef = 7E3BADC92DF7BA31000B5367 /* Assets.xcassets */; };
		7E3BADCD2DF7BA31000B5367 /* LaunchScreen.storyboard in Resources */ = {isa = PBXBuildFile; fileRef = 7E3BADCB2DF7BA31000B5367 /* LaunchScreen.storyboard */; };
		7E3BADD32DF7C261000B5367 /* SearchVC.swift in Sources */ = {isa = PBXBuildFile; fileRef = 7E3BADD22DF7C261000B5367 /* SearchVC.swift */; };
		7E3BADD52DF7C2AD000B5367 /* FavouritesListVC.swift in Sources */ = {isa = PBXBuildFile; fileRef = 7E3BADD42DF7C2AD000B5367 /* FavouritesListVC.swift */; };
		7E3BADD72DF8A20B000B5367 /* GFButton.swift in Sources */ = {isa = PBXBuildFile; fileRef = 7E3BADD62DF8A20B000B5367 /* GFButton.swift */; };
		7E3BADD92DF8A508000B5367 /* GFTextField.swift in Sources */ = {isa = PBXBuildFile; fileRef = 7E3BADD82DF8A508000B5367 /* GFTextField.swift */; };
		7E3BADDB2DF90617000B5367 /* FollowerListVC.swift in Sources */ = {isa = PBXBuildFile; fileRef = 7E3BADDA2DF90617000B5367 /* FollowerListVC.swift */; };
		7EB4A7012DC15A520025AC76 /* ContentView.swift in Sources */ = {isa = PBXBuildFile; fileRef = 7EB4A7002DC15A520025AC76 /* ContentView.swift */; };
		7EE06E9F2DC12C4600B9C2CA /* WavyBorder.swift in Sources */ = {isa = PBXBuildFile; fileRef = 7EE06E9E2DC12C4600B9C2CA /* WavyBorder.swift */; };
		7EEA9CDC2DFCFA470096E167 /* GFEmptyStateView.swift in Sources */ = {isa = PBXBuildFile; fileRef = 7EEA9CDB2DFCFA470096E167 /* GFEmptyStateView.swift */; };
		7EEA9CDE2DFE1BC00096E167 /* UserInfoVC.swift in Sources */ = {isa = PBXBuildFile; fileRef = 7EEA9CDD2DFE1BC00096E167 /* UserInfoVC.swift */; };
		7EEA9CE02DFE28DB0096E167 /* GFUserInfoHeaderVC.swift in Sources */ = {isa = PBXBuildFile; fileRef = 7EEA9CDF2DFE28DB0096E167 /* GFUserInfoHeaderVC.swift */; };
		7EEA9CE22DFE29440096E167 /* GFSecondaryTitleLabel.swift in Sources */ = {isa = PBXBuildFile; fileRef = 7EEA9CE12DFE29440096E167 /* GFSecondaryTitleLabel.swift */; };
		7EEA9CE42DFEA30C0096E167 /* Constants.swift in Sources */ = {isa = PBXBuildFile; fileRef = 7EEA9CE32DFEA30C0096E167 /* Constants.swift */; };
		7EEA9CE62DFFB2090096E167 /* GFItemInfoView.swift in Sources */ = {isa = PBXBuildFile; fileRef = 7EEA9CE52DFFB2090096E167 /* GFItemInfoView.swift */; };
		7EEA9CE82DFFB6D30096E167 /* GFItemInfoVC.swift in Sources */ = {isa = PBXBuildFile; fileRef = 7EEA9CE72DFFB6D30096E167 /* GFItemInfoVC.swift */; };
		7EEA9CEA2DFFC7B10096E167 /* GFRepoItemVC.swift in Sources */ = {isa = PBXBuildFile; fileRef = 7EEA9CE92DFFC7B10096E167 /* GFRepoItemVC.swift */; };
		7EEA9CEC2DFFC93F0096E167 /* GFFollowerItemVC.swift in Sources */ = {isa = PBXBuildFile; fileRef = 7EEA9CEB2DFFC93F0096E167 /* GFFollowerItemVC.swift */; };
		7EEA9CEE2DFFFBAB0096E167 /* String+Ext.swift in Sources */ = {isa = PBXBuildFile; fileRef = 7EEA9CED2DFFFBAB0096E167 /* String+Ext.swift */; };
		7EEA9CF02DFFFCAF0096E167 /* Date+Ext.swift in Sources */ = {isa = PBXBuildFile; fileRef = 7EEA9CEF2DFFFCAF0096E167 /* Date+Ext.swift */; };
/* End PBXBuildFile section */

/* Begin PBXFileReference section */
		7E0C9E902DF9FF8C006D14FF /* GFTitleLabel.swift */ = {isa = PBXFileReference; lastKnownFileType = sourcecode.swift; path = GFTitleLabel.swift; sourceTree = "<group>"; };
		7E0C9E922DFA0109006D14FF /* GFBodyLabel.swift */ = {isa = PBXFileReference; lastKnownFileType = sourcecode.swift; path = GFBodyLabel.swift; sourceTree = "<group>"; };
		7E0C9E942DFA01D0006D14FF /* GFAlertVC.swift */ = {isa = PBXFileReference; lastKnownFileType = sourcecode.swift; path = GFAlertVC.swift; sourceTree = "<group>"; };
		7E0C9E962DFA1198006D14FF /* UIViewController+Ext.swift */ = {isa = PBXFileReference; lastKnownFileType = sourcecode.swift; path = "UIViewController+Ext.swift"; sourceTree = "<group>"; };
		7E0C9E9C2DFA2221006D14FF /* Follower.swift */ = {isa = PBXFileReference; lastKnownFileType = sourcecode.swift; path = Follower.swift; sourceTree = "<group>"; };
		7E0C9E9E2DFA22A7006D14FF /* User.swift */ = {isa = PBXFileReference; lastKnownFileType = sourcecode.swift; path = User.swift; sourceTree = "<group>"; };
		7E0C9EA12DFA2A46006D14FF /* NetworkManager.swift */ = {isa = PBXFileReference; lastKnownFileType = sourcecode.swift; path = NetworkManager.swift; sourceTree = "<group>"; };
		7E0C9EA32DFA6015006D14FF /* ErrorMessage.swift */ = {isa = PBXFileReference; lastKnownFileType = sourcecode.swift; path = ErrorMessage.swift; sourceTree = "<group>"; };
		7E0C9EA62DFB6908006D14FF /* FollowerCell.swift */ = {isa = PBXFileReference; lastKnownFileType = sourcecode.swift; path = FollowerCell.swift; sourceTree = "<group>"; };
		7E0C9EA82DFB69B9006D14FF /* GFAvatarImageView.swift */ = {isa = PBXFileReference; lastKnownFileType = sourcecode.swift; path = GFAvatarImageView.swift; sourceTree = "<group>"; };
		7E0C9EAB2DFBCB3E006D14FF /* UIHelper.swift */ = {isa = PBXFileReference; lastKnownFileType = sourcecode.swift; path = UIHelper.swift; sourceTree = "<group>"; };
		7E157BB02DBD9C2C00EF8194 /* swiftUI_Portfolios.app */ = {isa = PBXFileReference; explicitFileType = wrapper.application; includeInIndex = 0; path = swiftUI_Portfolios.app; sourceTree = BUILT_PRODUCTS_DIR; };
		7E157BB32DBD9C2C00EF8194 /* swiftUI_PortfoliosApp.swift */ = {isa = PBXFileReference; lastKnownFileType = sourcecode.swift; path = swiftUI_PortfoliosApp.swift; sourceTree = "<group>"; };
		7E157BB72DBD9C2E00EF8194 /* Assets.xcassets */ = {isa = PBXFileReference; lastKnownFileType = folder.assetcatalog; path = Assets.xcassets; sourceTree = "<group>"; };
		7E157BBA2DBD9C2E00EF8194 /* Preview Assets.xcassets */ = {isa = PBXFileReference; lastKnownFileType = folder.assetcatalog; path = "Preview Assets.xcassets"; sourceTree = "<group>"; };
		7E157BC12DBD9D7A00EF8194 /* CoinAPIError.swift */ = {isa = PBXFileReference; fileEncoding = 4; lastKnownFileType = sourcecode.swift; path = CoinAPIError.swift; sourceTree = "<group>"; };
		7E157BC22DBD9D7A00EF8194 /* Coin.swift */ = {isa = PBXFileReference; fileEncoding = 4; lastKnownFileType = sourcecode.swift; path = Coin.swift; sourceTree = "<group>"; };
		7E157BC52DBD9D9000EF8194 /* CoinDataService.swift */ = {isa = PBXFileReference; fileEncoding = 4; lastKnownFileType = sourcecode.swift; path = CoinDataService.swift; sourceTree = "<group>"; };
		7E157BC72DBD9DAE00EF8194 /* CoinsViewModel.swift */ = {isa = PBXFileReference; fileEncoding = 4; lastKnownFileType = sourcecode.swift; path = CoinsViewModel.swift; sourceTree = "<group>"; };
		7E157BC92DBD9DD300EF8194 /* CartitaView.swift */ = {isa = PBXFileReference; fileEncoding = 4; lastKnownFileType = sourcecode.swift; path = CartitaView.swift; sourceTree = "<group>"; };
		7E157BCA2DBD9DD300EF8194 /* CarouselView.swift */ = {isa = PBXFileReference; fileEncoding = 4; lastKnownFileType = sourcecode.swift; path = CarouselView.swift; sourceTree = "<group>"; };
		7E157BCB2DBD9DD300EF8194 /* DetailView.swift */ = {isa = PBXFileReference; fileEncoding = 4; lastKnownFileType = sourcecode.swift; path = DetailView.swift; sourceTree = "<group>"; };
		7E157BD12DBDBA0300EF8194 /* Pie.swift */ = {isa = PBXFileReference; fileEncoding = 4; lastKnownFileType = sourcecode.swift; path = Pie.swift; sourceTree = "<group>"; };
		7E157BD22DBDBA0300EF8194 /* FlyingNumber.swift */ = {isa = PBXFileReference; fileEncoding = 4; lastKnownFileType = sourcecode.swift; path = FlyingNumber.swift; sourceTree = "<group>"; };
		7E157BD32DBDBA0300EF8194 /* CardView.swift */ = {isa = PBXFileReference; fileEncoding = 4; lastKnownFileType = sourcecode.swift; path = CardView.swift; sourceTree = "<group>"; };
		7E157BD42DBDBA0300EF8194 /* AspectVGrid.swift */ = {isa = PBXFileReference; fileEncoding = 4; lastKnownFileType = sourcecode.swift; path = AspectVGrid.swift; sourceTree = "<group>"; };
		7E157BD52DBDBA0300EF8194 /* Cardify.swift */ = {isa = PBXFileReference; fileEncoding = 4; lastKnownFileType = sourcecode.swift; path = Cardify.swift; sourceTree = "<group>"; };
		7E157BD62DBDBA0300EF8194 /* EmojiMemoryGameView.swift */ = {isa = PBXFileReference; fileEncoding = 4; lastKnownFileType = sourcecode.swift; path = EmojiMemoryGameView.swift; sourceTree = "<group>"; };
		7E157BD72DBDBA0400EF8194 /* EmojiMemoryGame.swift */ = {isa = PBXFileReference; fileEncoding = 4; lastKnownFileType = sourcecode.swift; path = EmojiMemoryGame.swift; sourceTree = "<group>"; };
		7E157BD82DBDBA0400EF8194 /* MemoryGame.swift */ = {isa = PBXFileReference; fileEncoding = 4; lastKnownFileType = sourcecode.swift; path = MemoryGame.swift; sourceTree = "<group>"; };
		7E3BADBE2DF7BA2F000B5367 /* UIKit_Portfolio.app */ = {isa = PBXFileReference; explicitFileType = wrapper.application; includeInIndex = 0; path = UIKit_Portfolio.app; sourceTree = BUILT_PRODUCTS_DIR; };
		7E3BADC02DF7BA2F000B5367 /* AppDelegate.swift */ = {isa = PBXFileReference; lastKnownFileType = sourcecode.swift; path = AppDelegate.swift; sourceTree = "<group>"; };
		7E3BADC22DF7BA2F000B5367 /* SceneDelegate.swift */ = {isa = PBXFileReference; lastKnownFileType = sourcecode.swift; path = SceneDelegate.swift; sourceTree = "<group>"; };
		7E3BADC92DF7BA31000B5367 /* Assets.xcassets */ = {isa = PBXFileReference; lastKnownFileType = folder.assetcatalog; path = Assets.xcassets; sourceTree = "<group>"; };
		7E3BADCC2DF7BA31000B5367 /* Base */ = {isa = PBXFileReference; lastKnownFileType = file.storyboard; name = Base; path = Base.lproj/LaunchScreen.storyboard; sourceTree = "<group>"; };
		7E3BADCE2DF7BA31000B5367 /* Info.plist */ = {isa = PBXFileReference; lastKnownFileType = text.plist.xml; path = Info.plist; sourceTree = "<group>"; };
		7E3BADD22DF7C261000B5367 /* SearchVC.swift */ = {isa = PBXFileReference; lastKnownFileType = sourcecode.swift; path = SearchVC.swift; sourceTree = "<group>"; };
		7E3BADD42DF7C2AD000B5367 /* FavouritesListVC.swift */ = {isa = PBXFileReference; lastKnownFileType = sourcecode.swift; path = FavouritesListVC.swift; sourceTree = "<group>"; };
		7E3BADD62DF8A20B000B5367 /* GFButton.swift */ = {isa = PBXFileReference; lastKnownFileType = sourcecode.swift; path = GFButton.swift; sourceTree = "<group>"; };
		7E3BADD82DF8A508000B5367 /* GFTextField.swift */ = {isa = PBXFileReference; lastKnownFileType = sourcecode.swift; path = GFTextField.swift; sourceTree = "<group>"; };
		7E3BADDA2DF90617000B5367 /* FollowerListVC.swift */ = {isa = PBXFileReference; lastKnownFileType = sourcecode.swift; path = FollowerListVC.swift; sourceTree = "<group>"; };
		7EB4A7002DC15A520025AC76 /* ContentView.swift */ = {isa = PBXFileReference; lastKnownFileType = sourcecode.swift; path = ContentView.swift; sourceTree = "<group>"; };
		7EE06E9E2DC12C4600B9C2CA /* WavyBorder.swift */ = {isa = PBXFileReference; lastKnownFileType = sourcecode.swift; path = WavyBorder.swift; sourceTree = "<group>"; };
		7EEA9CDB2DFCFA470096E167 /* GFEmptyStateView.swift */ = {isa = PBXFileReference; lastKnownFileType = sourcecode.swift; path = GFEmptyStateView.swift; sourceTree = "<group>"; };
		7EEA9CDD2DFE1BC00096E167 /* UserInfoVC.swift */ = {isa = PBXFileReference; lastKnownFileType = sourcecode.swift; path = UserInfoVC.swift; sourceTree = "<group>"; };
		7EEA9CDF2DFE28DB0096E167 /* GFUserInfoHeaderVC.swift */ = {isa = PBXFileReference; lastKnownFileType = sourcecode.swift; path = GFUserInfoHeaderVC.swift; sourceTree = "<group>"; };
		7EEA9CE12DFE29440096E167 /* GFSecondaryTitleLabel.swift */ = {isa = PBXFileReference; lastKnownFileType = sourcecode.swift; path = GFSecondaryTitleLabel.swift; sourceTree = "<group>"; };
		7EEA9CE32DFEA30C0096E167 /* Constants.swift */ = {isa = PBXFileReference; lastKnownFileType = sourcecode.swift; path = Constants.swift; sourceTree = "<group>"; };
		7EEA9CE52DFFB2090096E167 /* GFItemInfoView.swift */ = {isa = PBXFileReference; lastKnownFileType = sourcecode.swift; path = GFItemInfoView.swift; sourceTree = "<group>"; };
		7EEA9CE72DFFB6D30096E167 /* GFItemInfoVC.swift */ = {isa = PBXFileReference; lastKnownFileType = sourcecode.swift; path = GFItemInfoVC.swift; sourceTree = "<group>"; };
		7EEA9CE92DFFC7B10096E167 /* GFRepoItemVC.swift */ = {isa = PBXFileReference; lastKnownFileType = sourcecode.swift; path = GFRepoItemVC.swift; sourceTree = "<group>"; };
		7EEA9CEB2DFFC93F0096E167 /* GFFollowerItemVC.swift */ = {isa = PBXFileReference; lastKnownFileType = sourcecode.swift; path = GFFollowerItemVC.swift; sourceTree = "<group>"; };
		7EEA9CED2DFFFBAB0096E167 /* String+Ext.swift */ = {isa = PBXFileReference; lastKnownFileType = sourcecode.swift; path = "String+Ext.swift"; sourceTree = "<group>"; };
		7EEA9CEF2DFFFCAF0096E167 /* Date+Ext.swift */ = {isa = PBXFileReference; lastKnownFileType = sourcecode.swift; path = "Date+Ext.swift"; sourceTree = "<group>"; };
/* End PBXFileReference section */

/* Begin PBXFrameworksBuildPhase section */
		7E157BAD2DBD9C2C00EF8194 /* Frameworks */ = {
			isa = PBXFrameworksBuildPhase;
			buildActionMask = 2147483647;
			files = (
			);
			runOnlyForDeploymentPostprocessing = 0;
		};
		7E3BADBB2DF7BA2F000B5367 /* Frameworks */ = {
			isa = PBXFrameworksBuildPhase;
			buildActionMask = 2147483647;
			files = (
			);
			runOnlyForDeploymentPostprocessing = 0;
		};
/* End PBXFrameworksBuildPhase section */

/* Begin PBXGroup section */
		7E0C9E982DFA14B9006D14FF /* ViewControllers */ = {
			isa = PBXGroup;
			children = (
				7E3BADD42DF7C2AD000B5367 /* FavouritesListVC.swift */,
				7E3BADDA2DF90617000B5367 /* FollowerListVC.swift */,
				7E3BADD22DF7C261000B5367 /* SearchVC.swift */,
				7EEA9CDD2DFE1BC00096E167 /* UserInfoVC.swift */,
				7EEA9CDF2DFE28DB0096E167 /* GFUserInfoHeaderVC.swift */,
				7EEA9CE72DFFB6D30096E167 /* GFItemInfoVC.swift */,
				7EEA9CE92DFFC7B10096E167 /* GFRepoItemVC.swift */,
				7EEA9CEB2DFFC93F0096E167 /* GFFollowerItemVC.swift */,
			);
			path = ViewControllers;
			sourceTree = "<group>";
		};
		7E0C9E992DFA14FB006D14FF /* Custom Views */ = {
			isa = PBXGroup;
			children = (
				7E3BADD82DF8A508000B5367 /* GFTextField.swift */,
				7E0C9E902DF9FF8C006D14FF /* GFTitleLabel.swift */,
				7EEA9CE12DFE29440096E167 /* GFSecondaryTitleLabel.swift */,
				7E0C9E922DFA0109006D14FF /* GFBodyLabel.swift */,
				7E0C9E942DFA01D0006D14FF /* GFAlertVC.swift */,
				7E3BADD62DF8A20B000B5367 /* GFButton.swift */,
				7E0C9EA82DFB69B9006D14FF /* GFAvatarImageView.swift */,
				7EEA9CDB2DFCFA470096E167 /* GFEmptyStateView.swift */,
				7EEA9CE52DFFB2090096E167 /* GFItemInfoView.swift */,
				7E0C9EAA2DFB85A4006D14FF /* Cells */,
			);
			path = "Custom Views";
			sourceTree = "<group>";
		};
		7E0C9E9A2DFA152E006D14FF /* Extensions */ = {
			isa = PBXGroup;
			children = (
				7E0C9E962DFA1198006D14FF /* UIViewController+Ext.swift */,
				7EEA9CED2DFFFBAB0096E167 /* String+Ext.swift */,
				7EEA9CEF2DFFFCAF0096E167 /* Date+Ext.swift */,
			);
			path = Extensions;
			sourceTree = "<group>";
		};
		7E0C9E9B2DFA2212006D14FF /* Model */ = {
			isa = PBXGroup;
			children = (
				7E0C9E9C2DFA2221006D14FF /* Follower.swift */,
				7E0C9E9E2DFA22A7006D14FF /* User.swift */,
			);
			path = Model;
			sourceTree = "<group>";
		};
		7E0C9EA02DFA2A36006D14FF /* Managers */ = {
			isa = PBXGroup;
			children = (
				7E0C9EA12DFA2A46006D14FF /* NetworkManager.swift */,
			);
			path = Managers;
			sourceTree = "<group>";
		};
		7E0C9EA52DFA601B006D14FF /* Utilities */ = {
			isa = PBXGroup;
			children = (
				7E0C9EA32DFA6015006D14FF /* ErrorMessage.swift */,
				7E0C9EAB2DFBCB3E006D14FF /* UIHelper.swift */,
				7EEA9CE32DFEA30C0096E167 /* Constants.swift */,
			);
			path = Utilities;
			sourceTree = "<group>";
		};
		7E0C9EAA2DFB85A4006D14FF /* Cells */ = {
			isa = PBXGroup;
			children = (
				7E0C9EA62DFB6908006D14FF /* FollowerCell.swift */,
			);
			path = Cells;
			sourceTree = "<group>";
		};
		7E157BA72DBD9C2C00EF8194 = {
			isa = PBXGroup;
			children = (
				7E157BB22DBD9C2C00EF8194 /* swiftUI_Portfolios */,
				7E3BADBF2DF7BA2F000B5367 /* UIKit_Portfolio */,
				7E157BB12DBD9C2C00EF8194 /* Products */,
			);
			sourceTree = "<group>";
		};
		7E157BB12DBD9C2C00EF8194 /* Products */ = {
			isa = PBXGroup;
			children = (
				7E157BB02DBD9C2C00EF8194 /* swiftUI_Portfolios.app */,
				7E3BADBE2DF7BA2F000B5367 /* UIKit_Portfolio.app */,
			);
			name = Products;
			sourceTree = "<group>";
		};
		7E157BB22DBD9C2C00EF8194 /* swiftUI_Portfolios */ = {
			isa = PBXGroup;
			children = (
				7E157BB32DBD9C2C00EF8194 /* swiftUI_PortfoliosApp.swift */,
				7EB4A6FD2DC159530025AC76 /* Service */,
				7EB4A6FC2DC159260025AC76 /* ViewModels */,
				7EB4A6FB2DC159200025AC76 /* Models */,
				7EB4A6FA2DC159140025AC76 /* Views */,
				7E157BB72DBD9C2E00EF8194 /* Assets.xcassets */,
				7E157BB92DBD9C2E00EF8194 /* Preview Content */,
			);
			path = swiftUI_Portfolios;
			sourceTree = "<group>";
		};
		7E157BB92DBD9C2E00EF8194 /* Preview Content */ = {
			isa = PBXGroup;
			children = (
				7E157BBA2DBD9C2E00EF8194 /* Preview Assets.xcassets */,
			);
			path = "Preview Content";
			sourceTree = "<group>";
		};
		7E3BADBF2DF7BA2F000B5367 /* UIKit_Portfolio */ = {
			isa = PBXGroup;
			children = (
				7E0C9EA52DFA601B006D14FF /* Utilities */,
				7E0C9EA02DFA2A36006D14FF /* Managers */,
				7E0C9E9B2DFA2212006D14FF /* Model */,
				7E3BADC02DF7BA2F000B5367 /* AppDelegate.swift */,
				7E3BADC22DF7BA2F000B5367 /* SceneDelegate.swift */,
				7E0C9E9A2DFA152E006D14FF /* Extensions */,
				7E0C9E992DFA14FB006D14FF /* Custom Views */,
				7E0C9E982DFA14B9006D14FF /* ViewControllers */,
				7E3BADC92DF7BA31000B5367 /* Assets.xcassets */,
				7E3BADCB2DF7BA31000B5367 /* LaunchScreen.storyboard */,
				7E3BADCE2DF7BA31000B5367 /* Info.plist */,
			);
			path = UIKit_Portfolio;
			sourceTree = "<group>";
		};
		7EB4A6FA2DC159140025AC76 /* Views */ = {
			isa = PBXGroup;
			children = (
				7EB4A7002DC15A520025AC76 /* ContentView.swift */,
				7E157BCB2DBD9DD300EF8194 /* DetailView.swift */,
				7E157BC92DBD9DD300EF8194 /* CartitaView.swift */,
				7E157BD62DBDBA0300EF8194 /* EmojiMemoryGameView.swift */,
				7E157BD22DBDBA0300EF8194 /* FlyingNumber.swift */,
				7E157BCA2DBD9DD300EF8194 /* CarouselView.swift */,
				7E157BD32DBDBA0300EF8194 /* CardView.swift */,
				7EB4A6FF2DC159880025AC76 /* Shapes */,
				7EB4A7062DC17B8B0025AC76 /* ViewModifiers */,
				7EB4A6FE2DC159770025AC76 /* ViewBuilders */,
			);
			path = Views;
			sourceTree = "<group>";
		};
		7EB4A6FB2DC159200025AC76 /* Models */ = {
			isa = PBXGroup;
			children = (
				7E157BD82DBDBA0400EF8194 /* MemoryGame.swift */,
				7E157BC22DBD9D7A00EF8194 /* Coin.swift */,
			);
			path = Models;
			sourceTree = "<group>";
		};
		7EB4A6FC2DC159260025AC76 /* ViewModels */ = {
			isa = PBXGroup;
			children = (
				7E157BD72DBDBA0400EF8194 /* EmojiMemoryGame.swift */,
				7E157BC72DBD9DAE00EF8194 /* CoinsViewModel.swift */,
			);
			path = ViewModels;
			sourceTree = "<group>";
		};
		7EB4A6FD2DC159530025AC76 /* Service */ = {
			isa = PBXGroup;
			children = (
				7E157BC52DBD9D9000EF8194 /* CoinDataService.swift */,
				7E157BC12DBD9D7A00EF8194 /* CoinAPIError.swift */,
			);
			path = Service;
			sourceTree = "<group>";
		};
		7EB4A6FE2DC159770025AC76 /* ViewBuilders */ = {
			isa = PBXGroup;
			children = (
				7E157BD42DBDBA0300EF8194 /* AspectVGrid.swift */,
			);
			path = ViewBuilders;
			sourceTree = "<group>";
		};
		7EB4A6FF2DC159880025AC76 /* Shapes */ = {
			isa = PBXGroup;
			children = (
				7E157BD12DBDBA0300EF8194 /* Pie.swift */,
				7EE06E9E2DC12C4600B9C2CA /* WavyBorder.swift */,
			);
			path = Shapes;
			sourceTree = "<group>";
		};
		7EB4A7062DC17B8B0025AC76 /* ViewModifiers */ = {
			isa = PBXGroup;
			children = (
				7E157BD52DBDBA0300EF8194 /* Cardify.swift */,
			);
			path = ViewModifiers;
			sourceTree = "<group>";
		};
/* End PBXGroup section */

/* Begin PBXNativeTarget section */
		7E157BAF2DBD9C2C00EF8194 /* swiftUI_Portfolios */ = {
			isa = PBXNativeTarget;
			buildConfigurationList = 7E157BBE2DBD9C2E00EF8194 /* Build configuration list for PBXNativeTarget "swiftUI_Portfolios" */;
			buildPhases = (
				7E157BAC2DBD9C2C00EF8194 /* Sources */,
				7E157BAD2DBD9C2C00EF8194 /* Frameworks */,
				7E157BAE2DBD9C2C00EF8194 /* Resources */,
			);
			buildRules = (
			);
			dependencies = (
			);
			name = swiftUI_Portfolios;
			productName = swiftUI_Portfolios;
			productReference = 7E157BB02DBD9C2C00EF8194 /* swiftUI_Portfolios.app */;
			productType = "com.apple.product-type.application";
		};
		7E3BADBD2DF7BA2F000B5367 /* UIKit_Portfolio */ = {
			isa = PBXNativeTarget;
			buildConfigurationList = 7E3BADD12DF7BA31000B5367 /* Build configuration list for PBXNativeTarget "UIKit_Portfolio" */;
			buildPhases = (
				7E3BADBA2DF7BA2F000B5367 /* Sources */,
				7E3BADBB2DF7BA2F000B5367 /* Frameworks */,
				7E3BADBC2DF7BA2F000B5367 /* Resources */,
			);
			buildRules = (
			);
			dependencies = (
			);
			name = UIKit_Portfolio;
			productName = UIKit_Portfolio;
			productReference = 7E3BADBE2DF7BA2F000B5367 /* UIKit_Portfolio.app */;
			productType = "com.apple.product-type.application";
		};
/* End PBXNativeTarget section */

/* Begin PBXProject section */
		7E157BA82DBD9C2C00EF8194 /* Project object */ = {
			isa = PBXProject;
			attributes = {
				BuildIndependentTargetsInParallel = 1;
				LastSwiftUpdateCheck = 1420;
				LastUpgradeCheck = 1420;
				TargetAttributes = {
					7E157BAF2DBD9C2C00EF8194 = {
						CreatedOnToolsVersion = 14.2;
					};
					7E3BADBD2DF7BA2F000B5367 = {
						CreatedOnToolsVersion = 14.2;
					};
				};
			};
			buildConfigurationList = 7E157BAB2DBD9C2C00EF8194 /* Build configuration list for PBXProject "swiftUI_Portfolios" */;
			compatibilityVersion = "Xcode 14.0";
			developmentRegion = en;
			hasScannedForEncodings = 0;
			knownRegions = (
				en,
				Base,
			);
			mainGroup = 7E157BA72DBD9C2C00EF8194;
			productRefGroup = 7E157BB12DBD9C2C00EF8194 /* Products */;
			projectDirPath = "";
			projectRoot = "";
			targets = (
				7E157BAF2DBD9C2C00EF8194 /* swiftUI_Portfolios */,
				7E3BADBD2DF7BA2F000B5367 /* UIKit_Portfolio */,
			);
		};
/* End PBXProject section */

/* Begin PBXResourcesBuildPhase section */
		7E157BAE2DBD9C2C00EF8194 /* Resources */ = {
			isa = PBXResourcesBuildPhase;
			buildActionMask = 2147483647;
			files = (
				7E157BBB2DBD9C2E00EF8194 /* Preview Assets.xcassets in Resources */,
				7E157BB82DBD9C2E00EF8194 /* Assets.xcassets in Resources */,
			);
			runOnlyForDeploymentPostprocessing = 0;
		};
		7E3BADBC2DF7BA2F000B5367 /* Resources */ = {
			isa = PBXResourcesBuildPhase;
			buildActionMask = 2147483647;
			files = (
				7E3BADCD2DF7BA31000B5367 /* LaunchScreen.storyboard in Resources */,
				7E3BADCA2DF7BA31000B5367 /* Assets.xcassets in Resources */,
			);
			runOnlyForDeploymentPostprocessing = 0;
		};
/* End PBXResourcesBuildPhase section */

/* Begin PBXSourcesBuildPhase section */
		7E157BAC2DBD9C2C00EF8194 /* Sources */ = {
			isa = PBXSourcesBuildPhase;
			buildActionMask = 2147483647;
			files = (
				7E157BD92DBDBA0400EF8194 /* Pie.swift in Sources */,
				7E157BC32DBD9D7A00EF8194 /* CoinAPIError.swift in Sources */,
				7E157BDE2DBDBA0400EF8194 /* EmojiMemoryGameView.swift in Sources */,
				7E157BCF2DBD9DD300EF8194 /* DetailView.swift in Sources */,
				7E157BC82DBD9DAE00EF8194 /* CoinsViewModel.swift in Sources */,
				7E157BE02DBDBA0400EF8194 /* MemoryGame.swift in Sources */,
				7E157BC42DBD9D7A00EF8194 /* Coin.swift in Sources */,
				7E157BDA2DBDBA0400EF8194 /* FlyingNumber.swift in Sources */,
				7EB4A7012DC15A520025AC76 /* ContentView.swift in Sources */,
				7EE06E9F2DC12C4600B9C2CA /* WavyBorder.swift in Sources */,
				7E157BDF2DBDBA0400EF8194 /* EmojiMemoryGame.swift in Sources */,
				7E157BCD2DBD9DD300EF8194 /* CartitaView.swift in Sources */,
				7E157BDD2DBDBA0400EF8194 /* Cardify.swift in Sources */,
				7E157BC62DBD9D9000EF8194 /* CoinDataService.swift in Sources */,
				7E157BCE2DBD9DD300EF8194 /* CarouselView.swift in Sources */,
				7E157BDB2DBDBA0400EF8194 /* CardView.swift in Sources */,
				7E157BB42DBD9C2C00EF8194 /* swiftUI_PortfoliosApp.swift in Sources */,
				7E157BDC2DBDBA0400EF8194 /* AspectVGrid.swift in Sources */,
			);
			runOnlyForDeploymentPostprocessing = 0;
		};
		7E3BADBA2DF7BA2F000B5367 /* Sources */ = {
			isa = PBXSourcesBuildPhase;
			buildActionMask = 2147483647;
			files = (
				7E0C9E9F2DFA22A8006D14FF /* User.swift in Sources */,
				7E3BADD32DF7C261000B5367 /* SearchVC.swift in Sources */,
				7E0C9E972DFA1198006D14FF /* UIViewController+Ext.swift in Sources */,
				7E3BADD72DF8A20B000B5367 /* GFButton.swift in Sources */,
				7E3BADC12DF7BA2F000B5367 /* AppDelegate.swift in Sources */,
				7E0C9EAC2DFBCB3E006D14FF /* UIHelper.swift in Sources */,
				7EEA9CE82DFFB6D30096E167 /* GFItemInfoVC.swift in Sources */,
				7EEA9CE42DFEA30C0096E167 /* Constants.swift in Sources */,
				7E0C9EA92DFB69B9006D14FF /* GFAvatarImageView.swift in Sources */,
				7E3BADD52DF7C2AD000B5367 /* FavouritesListVC.swift in Sources */,
				7E0C9E952DFA01D0006D14FF /* GFAlertVC.swift in Sources */,
				7EEA9CEC2DFFC93F0096E167 /* GFFollowerItemVC.swift in Sources */,
				7EEA9CE62DFFB2090096E167 /* GFItemInfoView.swift in Sources */,
				7E0C9EA72DFB6908006D14FF /* FollowerCell.swift in Sources */,
				7E0C9EA42DFA6015006D14FF /* ErrorMessage.swift in Sources */,
				7EEA9CE02DFE28DB0096E167 /* GFUserInfoHeaderVC.swift in Sources */,
				7E3BADDB2DF90617000B5367 /* FollowerListVC.swift in Sources */,
				7E0C9E9D2DFA2221006D14FF /* Follower.swift in Sources */,
				7E0C9E912DF9FF8C006D14FF /* GFTitleLabel.swift in Sources */,
				7EEA9CE22DFE29440096E167 /* GFSecondaryTitleLabel.swift in Sources */,
				7EEA9CDC2DFCFA470096E167 /* GFEmptyStateView.swift in Sources */,
				7E0C9EA22DFA2A46006D14FF /* NetworkManager.swift in Sources */,
				7EEA9CEE2DFFFBAB0096E167 /* String+Ext.swift in Sources */,
				7EEA9CF02DFFFCAF0096E167 /* Date+Ext.swift in Sources */,
				7E3BADC32DF7BA2F000B5367 /* SceneDelegate.swift in Sources */,
				7E3BADD92DF8A508000B5367 /* GFTextField.swift in Sources */,
				7E0C9E932DFA0109006D14FF /* GFBodyLabel.swift in Sources */,
				7EEA9CEA2DFFC7B10096E167 /* GFRepoItemVC.swift in Sources */,
				7EEA9CDE2DFE1BC00096E167 /* UserInfoVC.swift in Sources */,
			);
			runOnlyForDeploymentPostprocessing = 0;
		};
/* End PBXSourcesBuildPhase section */

/* Begin PBXVariantGroup section */
		7E3BADCB2DF7BA31000B5367 /* LaunchScreen.storyboard */ = {
			isa = PBXVariantGroup;
			children = (
				7E3BADCC2DF7BA31000B5367 /* Base */,
			);
			name = LaunchScreen.storyboard;
			sourceTree = "<group>";
		};
/* End PBXVariantGroup section */

/* Begin XCBuildConfiguration section */
		7E157BBC2DBD9C2E00EF8194 /* Debug */ = {
			isa = XCBuildConfiguration;
			buildSettings = {
				ALWAYS_SEARCH_USER_PATHS = NO;
				CLANG_ANALYZER_NONNULL = YES;
				CLANG_ANALYZER_NUMBER_OBJECT_CONVERSION = YES_AGGRESSIVE;
				CLANG_CXX_LANGUAGE_STANDARD = "gnu++20";
				CLANG_ENABLE_MODULES = YES;
				CLANG_ENABLE_OBJC_ARC = YES;
				CLANG_ENABLE_OBJC_WEAK = YES;
				CLANG_WARN_BLOCK_CAPTURE_AUTORELEASING = YES;
				CLANG_WARN_BOOL_CONVERSION = YES;
				CLANG_WARN_COMMA = YES;
				CLANG_WARN_CONSTANT_CONVERSION = YES;
				CLANG_WARN_DEPRECATED_OBJC_IMPLEMENTATIONS = YES;
				CLANG_WARN_DIRECT_OBJC_ISA_USAGE = YES_ERROR;
				CLANG_WARN_DOCUMENTATION_COMMENTS = YES;
				CLANG_WARN_EMPTY_BODY = YES;
				CLANG_WARN_ENUM_CONVERSION = YES;
				CLANG_WARN_INFINITE_RECURSION = YES;
				CLANG_WARN_INT_CONVERSION = YES;
				CLANG_WARN_NON_LITERAL_NULL_CONVERSION = YES;
				CLANG_WARN_OBJC_IMPLICIT_RETAIN_SELF = YES;
				CLANG_WARN_OBJC_LITERAL_CONVERSION = YES;
				CLANG_WARN_OBJC_ROOT_CLASS = YES_ERROR;
				CLANG_WARN_QUOTED_INCLUDE_IN_FRAMEWORK_HEADER = YES;
				CLANG_WARN_RANGE_LOOP_ANALYSIS = YES;
				CLANG_WARN_STRICT_PROTOTYPES = YES;
				CLANG_WARN_SUSPICIOUS_MOVE = YES;
				CLANG_WARN_UNGUARDED_AVAILABILITY = YES_AGGRESSIVE;
				CLANG_WARN_UNREACHABLE_CODE = YES;
				CLANG_WARN__DUPLICATE_METHOD_MATCH = YES;
				COPY_PHASE_STRIP = NO;
				DEBUG_INFORMATION_FORMAT = dwarf;
				ENABLE_STRICT_OBJC_MSGSEND = YES;
				ENABLE_TESTABILITY = YES;
				GCC_C_LANGUAGE_STANDARD = gnu11;
				GCC_DYNAMIC_NO_PIC = NO;
				GCC_NO_COMMON_BLOCKS = YES;
				GCC_OPTIMIZATION_LEVEL = 0;
				GCC_PREPROCESSOR_DEFINITIONS = (
					"DEBUG=1",
					"$(inherited)",
				);
				GCC_WARN_64_TO_32_BIT_CONVERSION = YES;
				GCC_WARN_ABOUT_RETURN_TYPE = YES_ERROR;
				GCC_WARN_UNDECLARED_SELECTOR = YES;
				GCC_WARN_UNINITIALIZED_AUTOS = YES_AGGRESSIVE;
				GCC_WARN_UNUSED_FUNCTION = YES;
				GCC_WARN_UNUSED_VARIABLE = YES;
				IPHONEOS_DEPLOYMENT_TARGET = 16.2;
				MTL_ENABLE_DEBUG_INFO = INCLUDE_SOURCE;
				MTL_FAST_MATH = YES;
				ONLY_ACTIVE_ARCH = YES;
				SDKROOT = iphoneos;
				SWIFT_ACTIVE_COMPILATION_CONDITIONS = DEBUG;
				SWIFT_OPTIMIZATION_LEVEL = "-Onone";
			};
			name = Debug;
		};
		7E157BBD2DBD9C2E00EF8194 /* Release */ = {
			isa = XCBuildConfiguration;
			buildSettings = {
				ALWAYS_SEARCH_USER_PATHS = NO;
				CLANG_ANALYZER_NONNULL = YES;
				CLANG_ANALYZER_NUMBER_OBJECT_CONVERSION = YES_AGGRESSIVE;
				CLANG_CXX_LANGUAGE_STANDARD = "gnu++20";
				CLANG_ENABLE_MODULES = YES;
				CLANG_ENABLE_OBJC_ARC = YES;
				CLANG_ENABLE_OBJC_WEAK = YES;
				CLANG_WARN_BLOCK_CAPTURE_AUTORELEASING = YES;
				CLANG_WARN_BOOL_CONVERSION = YES;
				CLANG_WARN_COMMA = YES;
				CLANG_WARN_CONSTANT_CONVERSION = YES;
				CLANG_WARN_DEPRECATED_OBJC_IMPLEMENTATIONS = YES;
				CLANG_WARN_DIRECT_OBJC_ISA_USAGE = YES_ERROR;
				CLANG_WARN_DOCUMENTATION_COMMENTS = YES;
				CLANG_WARN_EMPTY_BODY = YES;
				CLANG_WARN_ENUM_CONVERSION = YES;
				CLANG_WARN_INFINITE_RECURSION = YES;
				CLANG_WARN_INT_CONVERSION = YES;
				CLANG_WARN_NON_LITERAL_NULL_CONVERSION = YES;
				CLANG_WARN_OBJC_IMPLICIT_RETAIN_SELF = YES;
				CLANG_WARN_OBJC_LITERAL_CONVERSION = YES;
				CLANG_WARN_OBJC_ROOT_CLASS = YES_ERROR;
				CLANG_WARN_QUOTED_INCLUDE_IN_FRAMEWORK_HEADER = YES;
				CLANG_WARN_RANGE_LOOP_ANALYSIS = YES;
				CLANG_WARN_STRICT_PROTOTYPES = YES;
				CLANG_WARN_SUSPICIOUS_MOVE = YES;
				CLANG_WARN_UNGUARDED_AVAILABILITY = YES_AGGRESSIVE;
				CLANG_WARN_UNREACHABLE_CODE = YES;
				CLANG_WARN__DUPLICATE_METHOD_MATCH = YES;
				COPY_PHASE_STRIP = NO;
				DEBUG_INFORMATION_FORMAT = "dwarf-with-dsym";
				ENABLE_NS_ASSERTIONS = NO;
				ENABLE_STRICT_OBJC_MSGSEND = YES;
				GCC_C_LANGUAGE_STANDARD = gnu11;
				GCC_NO_COMMON_BLOCKS = YES;
				GCC_WARN_64_TO_32_BIT_CONVERSION = YES;
				GCC_WARN_ABOUT_RETURN_TYPE = YES_ERROR;
				GCC_WARN_UNDECLARED_SELECTOR = YES;
				GCC_WARN_UNINITIALIZED_AUTOS = YES_AGGRESSIVE;
				GCC_WARN_UNUSED_FUNCTION = YES;
				GCC_WARN_UNUSED_VARIABLE = YES;
				IPHONEOS_DEPLOYMENT_TARGET = 16.2;
				MTL_ENABLE_DEBUG_INFO = NO;
				MTL_FAST_MATH = YES;
				SDKROOT = iphoneos;
				SWIFT_COMPILATION_MODE = wholemodule;
				SWIFT_OPTIMIZATION_LEVEL = "-O";
				VALIDATE_PRODUCT = YES;
			};
			name = Release;
		};
		7E157BBF2DBD9C2E00EF8194 /* Debug */ = {
			isa = XCBuildConfiguration;
			buildSettings = {
				ASSETCATALOG_COMPILER_APPICON_NAME = AppIcon;
				ASSETCATALOG_COMPILER_GLOBAL_ACCENT_COLOR_NAME = AccentColor;
				CODE_SIGN_STYLE = Automatic;
				CURRENT_PROJECT_VERSION = 1;
				DEVELOPMENT_ASSET_PATHS = "\"swiftUI_Portfolios/Preview Content\"";
				ENABLE_PREVIEWS = YES;
				GENERATE_INFOPLIST_FILE = YES;
				INFOPLIST_KEY_UIApplicationSceneManifest_Generation = YES;
				INFOPLIST_KEY_UIApplicationSupportsIndirectInputEvents = YES;
				INFOPLIST_KEY_UILaunchScreen_Generation = YES;
				INFOPLIST_KEY_UISupportedInterfaceOrientations_iPad = "UIInterfaceOrientationPortrait UIInterfaceOrientationPortraitUpsideDown UIInterfaceOrientationLandscapeLeft UIInterfaceOrientationLandscapeRight";
				INFOPLIST_KEY_UISupportedInterfaceOrientations_iPhone = "UIInterfaceOrientationPortrait UIInterfaceOrientationLandscapeLeft UIInterfaceOrientationLandscapeRight";
				LD_RUNPATH_SEARCH_PATHS = (
					"$(inherited)",
					"@executable_path/Frameworks",
				);
				MARKETING_VERSION = 1.0;
				PRODUCT_BUNDLE_IDENTIFIER = "Wololo.swiftUI-Portfolios";
				PRODUCT_NAME = "$(TARGET_NAME)";
				SUPPORTED_PLATFORMS = "iphoneos iphonesimulator";
				SUPPORTS_MACCATALYST = NO;
				SUPPORTS_MAC_DESIGNED_FOR_IPHONE_IPAD = NO;
				SWIFT_EMIT_LOC_STRINGS = YES;
				SWIFT_VERSION = 5.0;
				TARGETED_DEVICE_FAMILY = 1;
			};
			name = Debug;
		};
		7E157BC02DBD9C2E00EF8194 /* Release */ = {
			isa = XCBuildConfiguration;
			buildSettings = {
				ASSETCATALOG_COMPILER_APPICON_NAME = AppIcon;
				ASSETCATALOG_COMPILER_GLOBAL_ACCENT_COLOR_NAME = AccentColor;
				CODE_SIGN_STYLE = Automatic;
				CURRENT_PROJECT_VERSION = 1;
				DEVELOPMENT_ASSET_PATHS = "\"swiftUI_Portfolios/Preview Content\"";
				ENABLE_PREVIEWS = YES;
				GENERATE_INFOPLIST_FILE = YES;
				INFOPLIST_KEY_UIApplicationSceneManifest_Generation = YES;
				INFOPLIST_KEY_UIApplicationSupportsIndirectInputEvents = YES;
				INFOPLIST_KEY_UILaunchScreen_Generation = YES;
				INFOPLIST_KEY_UISupportedInterfaceOrientations_iPad = "UIInterfaceOrientationPortrait UIInterfaceOrientationPortraitUpsideDown UIInterfaceOrientationLandscapeLeft UIInterfaceOrientationLandscapeRight";
				INFOPLIST_KEY_UISupportedInterfaceOrientations_iPhone = "UIInterfaceOrientationPortrait UIInterfaceOrientationLandscapeLeft UIInterfaceOrientationLandscapeRight";
				LD_RUNPATH_SEARCH_PATHS = (
					"$(inherited)",
					"@executable_path/Frameworks",
				);
				MARKETING_VERSION = 1.0;
				PRODUCT_BUNDLE_IDENTIFIER = "Wololo.swiftUI-Portfolios";
				PRODUCT_NAME = "$(TARGET_NAME)";
				SUPPORTED_PLATFORMS = "iphoneos iphonesimulator";
				SUPPORTS_MACCATALYST = NO;
				SUPPORTS_MAC_DESIGNED_FOR_IPHONE_IPAD = NO;
				SWIFT_EMIT_LOC_STRINGS = YES;
				SWIFT_VERSION = 5.0;
				TARGETED_DEVICE_FAMILY = 1;
			};
			name = Release;
		};
		7E3BADCF2DF7BA31000B5367 /* Debug */ = {
			isa = XCBuildConfiguration;
			buildSettings = {
				ASSETCATALOG_COMPILER_APPICON_NAME = AppIcon;
				ASSETCATALOG_COMPILER_GLOBAL_ACCENT_COLOR_NAME = AccentColor;
				CODE_SIGN_STYLE = Automatic;
				CURRENT_PROJECT_VERSION = 1;
				GENERATE_INFOPLIST_FILE = YES;
				INFOPLIST_FILE = UIKit_Portfolio/Info.plist;
				INFOPLIST_KEY_UIApplicationSupportsIndirectInputEvents = YES;
				INFOPLIST_KEY_UILaunchStoryboardName = "";
				INFOPLIST_KEY_UIStatusBarStyle = "";
				INFOPLIST_KEY_UISupportedInterfaceOrientations = UIInterfaceOrientationPortrait;
				INFOPLIST_KEY_UISupportedInterfaceOrientations_iPad = "UIInterfaceOrientationPortrait UIInterfaceOrientationPortraitUpsideDown";
				LD_RUNPATH_SEARCH_PATHS = (
					"$(inherited)",
					"@executable_path/Frameworks",
				);
				MARKETING_VERSION = 1.0;
				PRODUCT_BUNDLE_IDENTIFIER = "Wololo.UIKit-Portfolio";
				PRODUCT_NAME = "$(TARGET_NAME)";
				SUPPORTED_PLATFORMS = "iphoneos iphonesimulator";
				SUPPORTS_MACCATALYST = NO;
				SUPPORTS_MAC_DESIGNED_FOR_IPHONE_IPAD = NO;
				SWIFT_EMIT_LOC_STRINGS = YES;
				SWIFT_VERSION = 5.0;
				TARGETED_DEVICE_FAMILY = 1;
			};
			name = Debug;
		};
		7E3BADD02DF7BA31000B5367 /* Release */ = {
			isa = XCBuildConfiguration;
			buildSettings = {
				ASSETCATALOG_COMPILER_APPICON_NAME = AppIcon;
				ASSETCATALOG_COMPILER_GLOBAL_ACCENT_COLOR_NAME = AccentColor;
				CODE_SIGN_STYLE = Automatic;
				CURRENT_PROJECT_VERSION = 1;
				GENERATE_INFOPLIST_FILE = YES;
				INFOPLIST_FILE = UIKit_Portfolio/Info.plist;
				INFOPLIST_KEY_UIApplicationSupportsIndirectInputEvents = YES;
				INFOPLIST_KEY_UILaunchStoryboardName = "";
				INFOPLIST_KEY_UIStatusBarStyle = "";
				INFOPLIST_KEY_UISupportedInterfaceOrientations = UIInterfaceOrientationPortrait;
				INFOPLIST_KEY_UISupportedInterfaceOrientations_iPad = "UIInterfaceOrientationPortrait UIInterfaceOrientationPortraitUpsideDown";
				LD_RUNPATH_SEARCH_PATHS = (
					"$(inherited)",
					"@executable_path/Frameworks",
				);
				MARKETING_VERSION = 1.0;
				PRODUCT_BUNDLE_IDENTIFIER = "Wololo.UIKit-Portfolio";
				PRODUCT_NAME = "$(TARGET_NAME)";
				SUPPORTED_PLATFORMS = "iphoneos iphonesimulator";
				SUPPORTS_MACCATALYST = NO;
				SUPPORTS_MAC_DESIGNED_FOR_IPHONE_IPAD = NO;
				SWIFT_EMIT_LOC_STRINGS = YES;
				SWIFT_VERSION = 5.0;
				TARGETED_DEVICE_FAMILY = 1;
			};
			name = Release;
		};
/* End XCBuildConfiguration section */

/* Begin XCConfigurationList section */
		7E157BAB2DBD9C2C00EF8194 /* Build configuration list for PBXProject "swiftUI_Portfolios" */ = {
			isa = XCConfigurationList;
			buildConfigurations = (
				7E157BBC2DBD9C2E00EF8194 /* Debug */,
				7E157BBD2DBD9C2E00EF8194 /* Release */,
			);
			defaultConfigurationIsVisible = 0;
			defaultConfigurationName = Release;
		};
		7E157BBE2DBD9C2E00EF8194 /* Build configuration list for PBXNativeTarget "swiftUI_Portfolios" */ = {
			isa = XCConfigurationList;
			buildConfigurations = (
				7E157BBF2DBD9C2E00EF8194 /* Debug */,
				7E157BC02DBD9C2E00EF8194 /* Release */,
			);
			defaultConfigurationIsVisible = 0;
			defaultConfigurationName = Release;
		};
		7E3BADD12DF7BA31000B5367 /* Build configuration list for PBXNativeTarget "UIKit_Portfolio" */ = {
			isa = XCConfigurationList;
			buildConfigurations = (
				7E3BADCF2DF7BA31000B5367 /* Debug */,
				7E3BADD02DF7BA31000B5367 /* Release */,
			);
			defaultConfigurationIsVisible = 0;
			defaultConfigurationName = Release;
		};
/* End XCConfigurationList section */
	};
	rootObject = 7E157BA82DBD9C2C00EF8194 /* Project object */;
}
